
Microsoft Visual Studio Solution File, Format Version 12.00
# Visual Studio 15
VisualStudioVersion = 15.0.27004.2006
MinimumVisualStudioVersion = 10.0.40219.1
Project("{FAE04EC0-301F-11D3-BF4B-00C04F79EFBC}") = "AspNetCoreBasicAuthentication", "AspNetCoreBasicAuthentication\AspNetCoreBasicAuthentication.csproj", "{BAB0341F-8E76-4F7E-AC3E-FACB14F512B8}"
EndProject
Project("{FAE04EC0-301F-11D3-BF4B-00C04F79EFBC}") = "AspNetCoreBasicAuthentication.Tests", "AspNetCoreBasicAuthentication.Tests\AspNetCoreBasicAuthentication.Tests.csproj", "{ED35799F-C94B-46A1-BC29-95A6C2BF69D3}"
EndProject
Project("{2150E333-8FDC-42A3-9474-1A3956D46DE8}") = "Solution Items", "Solution Items", "{04CF5538-9FD5-43C8-96B7-8C632CDFF1F5}"
	ProjectSection(SolutionItems) = preProject
		LICENSE.md = LICENSE.md
		README.md = README.md
		Tests.ps1 = Tests.ps1
	EndProjectSection
EndProject
Global
	GlobalSection(SolutionConfigurationPlatforms) = preSolution
		Debug|Any CPU = Debug|Any CPU
		Release|Any CPU = Release|Any CPU
	EndGlobalSection
	GlobalSection(ProjectConfigurationPlatforms) = postSolution
		{BAB0341F-8E76-4F7E-AC3E-FACB14F512B8}.Debug|Any CPU.ActiveCfg = Debug|Any CPU
		{BAB0341F-8E76-4F7E-AC3E-FACB14F512B8}.Debug|Any CPU.Build.0 = Debug|Any CPU
		{BAB0341F-8E76-4F7E-AC3E-FACB14F512B8}.Release|Any CPU.ActiveCfg = Release|Any CPU
		{BAB0341F-8E76-4F7E-AC3E-FACB14F512B8}.Release|Any CPU.Build.0 = Release|Any CPU
		{ED35799F-C94B-46A1-BC29-95A6C2BF69D3}.Debug|Any CPU.ActiveCfg = Debug|Any CPU
		{ED35799F-C94B-46A1-BC29-95A6C2BF69D3}.Debug|Any CPU.Build.0 = Debug|Any CPU
		{ED35799F-C94B-46A1-BC29-95A6C2BF69D3}.Release|Any CPU.ActiveCfg = Release|Any CPU
		{ED35799F-C94B-46A1-BC29-95A6C2BF69D3}.Release|Any CPU.Build.0 = Release|Any CPU
	EndGlobalSection
	GlobalSection(SolutionProperties) = preSolution
		HideSolutionNode = FALSE
	EndGlobalSection
	GlobalSection(ExtensibilityGlobals) = postSolution
		SolutionGuid = {6FAE2DAB-5C80-4F63-91F7-9F332BBBE684}
	EndGlobalSection
EndGlobal
